{
  "version": 4,
  "terraform_version": "0.12.26",
  "serial": 3,
  "lineage": "1c06d1ac-da53-fd09-4237-a289bac602e4",
  "outputs": {},
  "resources": [
    {
      "mode": "managed",
      "type": "google_project",
      "name": "project",
      "provider": "provider.google",
      "instances": [
        {
          "schema_version": 1,
          "attributes": {
            "auto_create_network": true,
            "billing_account": "0188B8-A16133-54DE4F",
            "folder_id": "",
            "id": "projects/brihgt-demo",
            "labels": null,
            "name": "bright-demo",
            "number": "177761239510",
            "org_id": "496293321872",
            "project_id": "brihgt-demo",
            "skip_delete": null,
            "timeouts": null
          },
          "private": "eyJlMmJmYjczMC1lY2FhLTExZTYtOGY4OC0zNDM2M2JjN2M0YzAiOnsiY3JlYXRlIjoyNDAwMDAwMDAwMDAsImRlbGV0ZSI6MjQwMDAwMDAwMDAwLCJyZWFkIjoyNDAwMDAwMDAwMDAsInVwZGF0ZSI6MjQwMDAwMDAwMDAwfSwic2NoZW1hX3ZlcnNpb24iOiIxIn0="
        }
      ]
    }
  ]
}
