{
  "version": 4,
  "terraform_version": "0.12.26",
  "serial": 14,
  "lineage": "f743c1be-b97a-c727-e34f-9c7655aa8b01",
  "outputs": {},
  "resources": [
    {
      "mode": "managed",
      "type": "google_container_cluster",
      "name": "cluster",
      "provider": "provider.google",
      "instances": [
        {
          "schema_version": 1,
          "attributes": {
            "additional_zones": [],
            "addons_config": [
              {
                "cloudrun_config": [],
                "horizontal_pod_autoscaling": [],
                "http_load_balancing": [],
                "kubernetes_dashboard": [],
                "network_policy_config": [
                  {
                    "disabled": true
                  }
                ]
              }
            ],
            "authenticator_groups_config": [],
            "cluster_autoscaling": [
              {
                "auto_provisioning_defaults": [],
                "enabled": false,
                "resource_limits": []
              }
            ],
            "cluster_ipv4_cidr": "10.24.0.0/16",
            "default_max_pods_per_node": 110,
            "description": "",
            "enable_binary_authorization": false,
            "enable_intranode_visibility": null,
            "enable_kubernetes_alpha": false,
            "enable_legacy_abac": false,
            "enable_shielded_nodes": false,
            "enable_tpu": null,
            "endpoint": "35.193.145.92",
            "id": "projects/brightinsight-demo/locations/us-central1/clusters/cicd",
            "initial_node_count": 1,
            "instance_group_urls": [
              "https://www.googleapis.com/compute/v1/projects/brightinsight-demo/zones/us-central1-a/instanceGroups/gke-cicd-main-29d549df-grp",
              "https://www.googleapis.com/compute/v1/projects/brightinsight-demo/zones/us-central1-c/instanceGroups/gke-cicd-main-7532fc74-grp",
              "https://www.googleapis.com/compute/v1/projects/brightinsight-demo/zones/us-central1-b/instanceGroups/gke-cicd-main-6a65c845-grp"
            ],
            "ip_allocation_policy": [
              {
                "cluster_ipv4_cidr_block": "10.24.0.0/16",
                "cluster_secondary_range_name": "gke-cicd-pods-686d7874",
                "node_ipv4_cidr_block": "",
                "services_ipv4_cidr_block": "10.25.0.0/22",
                "services_secondary_range_name": "gke-cicd-services-686d7874",
                "subnetwork_name": ""
              }
            ],
            "label_fingerprint": "a9dc16a7",
            "location": "us-central1",
            "logging_service": "logging.googleapis.com/kubernetes",
            "maintenance_policy": [],
            "master_auth": [
              {
                "client_certificate": "",
                "client_certificate_config": [
                  {
                    "issue_client_certificate": false
                  }
                ],
                "client_key": "",
                "cluster_ca_certificate": "LS0tLS1CRUdJTiBDRVJUSUZJQ0FURS0tLS0tCk1JSURERENDQWZTZ0F3SUJBZ0lSQVBWNFRkakdmSGFveDhubnJjanVjVnd3RFFZSktvWklodmNOQVFFTEJRQXcKTHpFdE1Dc0dBMVVFQXhNa1lUWmhZek15TnpZdFpESmxOQzAwWXpFeUxUZ3lZVFl0TmpWaE16aG1OVGcwWXpVeApNQjRYRFRJd01EWXhPVEV4TXpFek9Wb1hEVEkxTURZeE9ERXlNekV6T1Zvd0x6RXRNQ3NHQTFVRUF4TWtZVFpoCll6TXlOell0WkRKbE5DMDBZekV5TFRneVlUWXROalZoTXpobU5UZzBZelV4TUlJQklqQU5CZ2txaGtpRzl3MEIKQVFFRkFBT0NBUThBTUlJQkNnS0NBUUVBdCszRi9NWGg4RS9TMGRab0ErU21zcFg3MHVxR2h2cCtBYTExQXFrWgo4eVluWTV3Zk5IZmRwdkFCWnkwc1RxcDZCQlJ2SVhiRVJzR2RDTVVKM2k0S2tITk1MWHJnd2g3SjE3Y3VKQU5vCnliZDcyZ1lFQWZKclVHeWJ0NUxYY241dklnc2pwRXRsR0I3R1F2OG15cW1xb2hJQ3VhRHFuTVFLK3pqWWVXRWsKQ3p2YytpdldWaXFuQnlqcmN5VE5VeFNXZm9SRUVmQWJLMFY5UFlKTTRvMDRETUFNNFlTbDV4TDA5N2d3aDBTcwpGOWliek5LYkF6NktLUTdUNHhvTkpLVm1oS2drNnBJNC9iWm9WejBDTEdNbEo2MUdVTzc2ekthazVlTElkYU9MCkFTMkhzUDZFMHBGUEM0TkxWNHc4WnJJZ2l2eG96Z2lZRUxOTytCVDN1WTBmbXdJREFRQUJveU13SVRBT0JnTlYKSFE4QkFmOEVCQU1DQWdRd0R3WURWUjBUQVFIL0JBVXdBd0VCL3pBTkJna3Foa2lHOXcwQkFRc0ZBQU9DQVFFQQpNYnBVUE5kK1YyZ1JZaStoblR1YzJZL1BTWTJWMEhkTHBPQmxPS2lnNk1wYU5IMmx6V0wrUWRhK29NNWZsYTd0CkRPdnRNZGxIVGIwN2NWbnVXd2k2MDZ4T01OZ1I0VjkxWThseUs4cmJqTDFKTGVGVzVBMFZmQlJvb2d0amhkaFMKNDZGdVd2RzVBOW1vTFQ3ZkE4RWpDM21wR3BTL09ONFM0WmtVWUdKQTh1RWY2RHFob3JIbVRpcUhXNDhXWXZNWgpnSmQxUExKUkVyNVdQQUI0N2svNytBQTJRRUNoVmxWd3g3NU91ZVcrd2k2N2g5b3BpckQwTUVIWHB1U2svL0Q0CnI1MkhoWUdJaU9lVW5LSk5NSldvekEvbjlaWVF3UlI5MU1wZUhZdzIvTWcwdGcxakp6anhKNUs3bzBqZ2pFNzkKY2lDU2FuVm5HUm1UblVwdUhQM2Ewdz09Ci0tLS0tRU5EIENFUlRJRklDQVRFLS0tLS0K",
                "password": "",
                "username": ""
              }
            ],
            "master_authorized_networks_config": [],
            "master_version": "1.14.10-gke.36",
            "min_master_version": null,
            "monitoring_service": "monitoring.googleapis.com/kubernetes",
            "name": "cicd",
            "network": "projects/brightinsight-demo/global/networks/default",
            "network_policy": [
              {
                "enabled": false,
                "provider": "PROVIDER_UNSPECIFIED"
              }
            ],
            "node_config": [
              {
                "disk_size_gb": 100,
                "disk_type": "pd-standard",
                "guest_accelerator": [],
                "image_type": "COS",
                "labels": {},
                "local_ssd_count": 0,
                "machine_type": "n1-standard-2",
                "metadata": {
                  "disable-legacy-endpoints": "true"
                },
                "min_cpu_platform": "",
                "oauth_scopes": [
                  "https://www.googleapis.com/auth/logging.write",
                  "https://www.googleapis.com/auth/monitoring"
                ],
                "preemptible": true,
                "sandbox_config": [],
                "service_account": "nodepool-sa@brightinsight-demo.iam.gserviceaccount.com",
                "shielded_instance_config": [
                  {
                    "enable_integrity_monitoring": true,
                    "enable_secure_boot": false
                  }
                ],
                "tags": [],
                "taint": [],
                "workload_metadata_config": []
              }
            ],
            "node_locations": [
              "us-central1-a",
              "us-central1-b",
              "us-central1-c"
            ],
            "node_pool": [
              {
                "autoscaling": [],
                "initial_node_count": 1,
                "instance_group_urls": [
                  "https://www.googleapis.com/compute/v1/projects/brightinsight-demo/zones/us-central1-a/instanceGroupManagers/gke-cicd-main-29d549df-grp",
                  "https://www.googleapis.com/compute/v1/projects/brightinsight-demo/zones/us-central1-c/instanceGroupManagers/gke-cicd-main-7532fc74-grp",
                  "https://www.googleapis.com/compute/v1/projects/brightinsight-demo/zones/us-central1-b/instanceGroupManagers/gke-cicd-main-6a65c845-grp"
                ],
                "management": [
                  {
                    "auto_repair": true,
                    "auto_upgrade": true
                  }
                ],
                "max_pods_per_node": 110,
                "name": "main",
                "name_prefix": "",
                "node_config": [
                  {
                    "disk_size_gb": 100,
                    "disk_type": "pd-standard",
                    "guest_accelerator": [],
                    "image_type": "COS",
                    "labels": {},
                    "local_ssd_count": 0,
                    "machine_type": "n1-standard-2",
                    "metadata": {
                      "disable-legacy-endpoints": "true"
                    },
                    "min_cpu_platform": "",
                    "oauth_scopes": [
                      "https://www.googleapis.com/auth/logging.write",
                      "https://www.googleapis.com/auth/monitoring"
                    ],
                    "preemptible": true,
                    "sandbox_config": [],
                    "service_account": "nodepool-sa@brightinsight-demo.iam.gserviceaccount.com",
                    "shielded_instance_config": [
                      {
                        "enable_integrity_monitoring": true,
                        "enable_secure_boot": false
                      }
                    ],
                    "tags": [],
                    "taint": [],
                    "workload_metadata_config": []
                  }
                ],
                "node_count": 1,
                "node_locations": [
                  "us-central1-a",
                  "us-central1-b",
                  "us-central1-c"
                ],
                "upgrade_settings": [
                  {
                    "max_surge": 1,
                    "max_unavailable": 0
                  }
                ],
                "version": "1.14.10-gke.36"
              }
            ],
            "node_version": "1.14.10-gke.36",
            "operation": null,
            "pod_security_policy_config": [],
            "private_cluster_config": [],
            "project": "brightinsight-demo",
            "region": null,
            "remove_default_node_pool": true,
            "resource_labels": {},
            "resource_usage_export_config": [],
            "services_ipv4_cidr": "10.25.0.0/22",
            "subnetwork": "projects/brightinsight-demo/regions/us-central1/subnetworks/default",
            "timeouts": null,
            "vertical_pod_autoscaling": [],
            "workload_identity_config": [],
            "zone": null
          },
          "private": "eyJlMmJmYjczMC1lY2FhLTExZTYtOGY4OC0zNDM2M2JjN2M0YzAiOnsiY3JlYXRlIjoyNDAwMDAwMDAwMDAwLCJkZWxldGUiOjI0MDAwMDAwMDAwMDAsInJlYWQiOjI0MDAwMDAwMDAwMDAsInVwZGF0ZSI6MzYwMDAwMDAwMDAwMH0sInNjaGVtYV92ZXJzaW9uIjoiMSJ9"
        }
      ]
    },
    {
      "mode": "managed",
      "type": "google_container_node_pool",
      "name": "node_pool",
      "provider": "provider.google",
      "instances": [
        {
          "schema_version": 1,
          "attributes": {
            "autoscaling": [],
            "cluster": "cicd",
            "id": "projects/brightinsight-demo/locations/us-central1/clusters/cicd/nodePools/main",
            "initial_node_count": 1,
            "instance_group_urls": [
              "https://www.googleapis.com/compute/v1/projects/brightinsight-demo/zones/us-central1-a/instanceGroupManagers/gke-cicd-main-29d549df-grp",
              "https://www.googleapis.com/compute/v1/projects/brightinsight-demo/zones/us-central1-c/instanceGroupManagers/gke-cicd-main-7532fc74-grp",
              "https://www.googleapis.com/compute/v1/projects/brightinsight-demo/zones/us-central1-b/instanceGroupManagers/gke-cicd-main-6a65c845-grp"
            ],
            "location": "us-central1",
            "management": [
              {
                "auto_repair": true,
                "auto_upgrade": true
              }
            ],
            "max_pods_per_node": 110,
            "name": "main",
            "name_prefix": "",
            "node_config": [
              {
                "disk_size_gb": 100,
                "disk_type": "pd-standard",
                "guest_accelerator": [],
                "image_type": "COS",
                "labels": {},
                "local_ssd_count": 0,
                "machine_type": "n1-standard-2",
                "metadata": {
                  "disable-legacy-endpoints": "true"
                },
                "min_cpu_platform": "",
                "oauth_scopes": [
                  "https://www.googleapis.com/auth/logging.write",
                  "https://www.googleapis.com/auth/monitoring"
                ],
                "preemptible": true,
                "sandbox_config": [],
                "service_account": "nodepool-sa@brightinsight-demo.iam.gserviceaccount.com",
                "shielded_instance_config": [
                  {
                    "enable_integrity_monitoring": true,
                    "enable_secure_boot": false
                  }
                ],
                "tags": [],
                "taint": [],
                "workload_metadata_config": []
              }
            ],
            "node_count": 1,
            "node_locations": [
              "us-central1-a",
              "us-central1-b",
              "us-central1-c"
            ],
            "project": "brightinsight-demo",
            "region": null,
            "timeouts": null,
            "upgrade_settings": [
              {
                "max_surge": 1,
                "max_unavailable": 0
              }
            ],
            "version": "1.14.10-gke.36",
            "zone": null
          },
          "private": "eyJlMmJmYjczMC1lY2FhLTExZTYtOGY4OC0zNDM2M2JjN2M0YzAiOnsiY3JlYXRlIjoxODAwMDAwMDAwMDAwLCJkZWxldGUiOjE4MDAwMDAwMDAwMDAsInVwZGF0ZSI6MTgwMDAwMDAwMDAwMH0sInNjaGVtYV92ZXJzaW9uIjoiMSJ9",
          "dependencies": [
            "google_container_cluster.cluster",
            "google_service_account.nodepool_sa"
          ]
        }
      ]
    },
    {
      "mode": "managed",
      "type": "google_project_iam_member",
      "name": "nodepool_sa_log_writer",
      "provider": "provider.google",
      "instances": [
        {
          "schema_version": 0,
          "attributes": {
            "etag": "BwWocdQeHQg=",
            "id": "brightinsight-demo/roles/logging.logWriter/serviceaccount:nodepool-sa@brightinsight-demo.iam.gserviceaccount.com",
            "member": "serviceAccount:nodepool-sa@brightinsight-demo.iam.gserviceaccount.com",
            "project": "brightinsight-demo",
            "role": "roles/logging.logWriter"
          },
          "private": "bnVsbA==",
          "dependencies": [
            "google_service_account.nodepool_sa"
          ]
        }
      ]
    },
    {
      "mode": "managed",
      "type": "google_project_iam_member",
      "name": "nodepool_sa_metric_writer",
      "provider": "provider.google",
      "instances": [
        {
          "schema_version": 0,
          "attributes": {
            "etag": "BwWocdQeHQg=",
            "id": "brightinsight-demo/roles/monitoring.metricWriter/serviceaccount:nodepool-sa@brightinsight-demo.iam.gserviceaccount.com",
            "member": "serviceAccount:nodepool-sa@brightinsight-demo.iam.gserviceaccount.com",
            "project": "brightinsight-demo",
            "role": "roles/monitoring.metricWriter"
          },
          "private": "bnVsbA==",
          "dependencies": [
            "google_service_account.nodepool_sa"
          ]
        }
      ]
    },
    {
      "mode": "managed",
      "type": "google_project_iam_member",
      "name": "nodepool_sa_monitoring_viewer",
      "provider": "provider.google",
      "instances": [
        {
          "schema_version": 0,
          "attributes": {
            "etag": "BwWocdQeHQg=",
            "id": "brightinsight-demo/roles/monitoring.viewer/serviceaccount:nodepool-sa@brightinsight-demo.iam.gserviceaccount.com",
            "member": "serviceAccount:nodepool-sa@brightinsight-demo.iam.gserviceaccount.com",
            "project": "brightinsight-demo",
            "role": "roles/monitoring.viewer"
          },
          "private": "bnVsbA==",
          "dependencies": [
            "google_service_account.nodepool_sa"
          ]
        }
      ]
    },
    {
      "mode": "managed",
      "type": "google_service_account",
      "name": "nodepool_sa",
      "provider": "provider.google",
      "instances": [
        {
          "schema_version": 0,
          "attributes": {
            "account_id": "nodepool-sa",
            "description": "",
            "display_name": "Nodepool Service Account",
            "email": "nodepool-sa@brightinsight-demo.iam.gserviceaccount.com",
            "id": "projects/brightinsight-demo/serviceAccounts/nodepool-sa@brightinsight-demo.iam.gserviceaccount.com",
            "name": "projects/brightinsight-demo/serviceAccounts/nodepool-sa@brightinsight-demo.iam.gserviceaccount.com",
            "project": "brightinsight-demo",
            "timeouts": null,
            "unique_id": "114379058554304364379"
          },
          "private": "eyJlMmJmYjczMC1lY2FhLTExZTYtOGY4OC0zNDM2M2JjN2M0YzAiOnsiY3JlYXRlIjozMDAwMDAwMDAwMDB9fQ=="
        }
      ]
    }
  ]
}
